
Microsoft Visual Studio Solution File, Format Version 12.00
# Visual Studio Version 16
VisualStudioVersion = 16.0.33801.447
MinimumVisualStudioVersion = 10.0.40219.1
Project("{FAE04EC0-301F-11D3-BF4B-00C04F79EFBC}") = "SpanJsonExt", "SpanJsonExt\SpanJsonExt.csproj", "{6B4110FC-F750-4D43-8E9C-D61B15CC326F}"
EndProject
Project("{FAE04EC0-301F-11D3-BF4B-00C04F79EFBC}") = "TestFormApp", "TestFormApp\TestFormApp.csproj", "{14C1DD58-72C5-4DDD-B479-27B8F9784F25}"
EndProject
Global
	GlobalSection(SolutionConfigurationPlatforms) = preSolution
		Debug|Any CPU = Debug|Any CPU
		Release|Any CPU = Release|Any CPU
	EndGlobalSection
	GlobalSection(ProjectConfigurationPlatforms) = postSolution
		{6B4110FC-F750-4D43-8E9C-D61B15CC326F}.Debug|Any CPU.ActiveCfg = Debug|Any CPU
		{6B4110FC-F750-4D43-8E9C-D61B15CC326F}.Debug|Any CPU.Build.0 = Debug|Any CPU
		{6B4110FC-F750-4D43-8E9C-D61B15CC326F}.Release|Any CPU.ActiveCfg = Release|Any CPU
		{6B4110FC-F750-4D43-8E9C-D61B15CC326F}.Release|Any CPU.Build.0 = Release|Any CPU
		{14C1DD58-72C5-4DDD-B479-27B8F9784F25}.Debug|Any CPU.ActiveCfg = Debug|Any CPU
		{14C1DD58-72C5-4DDD-B479-27B8F9784F25}.Debug|Any CPU.Build.0 = Debug|Any CPU
		{14C1DD58-72C5-4DDD-B479-27B8F9784F25}.Release|Any CPU.ActiveCfg = Release|Any CPU
		{14C1DD58-72C5-4DDD-B479-27B8F9784F25}.Release|Any CPU.Build.0 = Release|Any CPU
	EndGlobalSection
	GlobalSection(SolutionProperties) = preSolution
		HideSolutionNode = FALSE
	EndGlobalSection
	GlobalSection(ExtensibilityGlobals) = postSolution
		SolutionGuid = {D84ABB95-D6EE-41A0-8FB0-0AD85F06E715}
	EndGlobalSection
EndGlobal
